// !$*UTF8*$!
{
	archiveVersion = 1;
	classes = {
	};
	objectVersion = 50;
	objects = {

/* Begin PBXBuildFile section */
		420F1C770364437F445E21DC /* Pods_Pinterest3UITests.framework in Frameworks */ = {isa = PBXBuildFile; fileRef = 5B801505586176CA409FFC33 /* Pods_Pinterest3UITests.framework */; };
		5518BF282213D395001DF830 /* GoogleService-Info.plist in Resources */ = {isa = PBXBuildFile; fileRef = 5518BF272213D395001DF830 /* GoogleService-Info.plist */; };
		55310991220D524B00C25454 /* AppDelegate.swift in Sources */ = {isa = PBXBuildFile; fileRef = 55310990220D524B00C25454 /* AppDelegate.swift */; };
		55310993220D524B00C25454 /* ViewController.swift in Sources */ = {isa = PBXBuildFile; fileRef = 55310992220D524B00C25454 /* ViewController.swift */; };
		55310996220D524B00C25454 /* Main.storyboard in Resources */ = {isa = PBXBuildFile; fileRef = 55310994220D524B00C25454 /* Main.storyboard */; };
		55310998220D524C00C25454 /* Assets.xcassets in Resources */ = {isa = PBXBuildFile; fileRef = 55310997220D524C00C25454 /* Assets.xcassets */; };
		5531099B220D524C00C25454 /* LaunchScreen.storyboard in Resources */ = {isa = PBXBuildFile; fileRef = 55310999220D524C00C25454 /* LaunchScreen.storyboard */; };
		553109A6220D524C00C25454 /* Pinterest3Tests.swift in Sources */ = {isa = PBXBuildFile; fileRef = 553109A5220D524C00C25454 /* Pinterest3Tests.swift */; };
		553109B1220D524C00C25454 /* Pinterest3UITests.swift in Sources */ = {isa = PBXBuildFile; fileRef = 553109B0220D524C00C25454 /* Pinterest3UITests.swift */; };
		556879CF222FB64100C62E8B /* ViewCEmail.swift in Sources */ = {isa = PBXBuildFile; fileRef = 556879CE222FB64100C62E8B /* ViewCEmail.swift */; };
		7463C5B526B808F6626E76AA /* Pods_Pinterest3.framework in Frameworks */ = {isa = PBXBuildFile; fileRef = A0D52ABB5485B2CEE0521F16 /* Pods_Pinterest3.framework */; };
		8C721E156697B3BB63A2192C /* Pods_Pinterest3Tests.framework in Frameworks */ = {isa = PBXBuildFile; fileRef = 12D14F6273E2409C69F2F273 /* Pods_Pinterest3Tests.framework */; };
/* End PBXBuildFile section */

/* Begin PBXContainerItemProxy section */
		553109A2220D524C00C25454 /* PBXContainerItemProxy */ = {
			isa = PBXContainerItemProxy;
			containerPortal = 55310985220D524B00C25454 /* Project object */;
			proxyType = 1;
			remoteGlobalIDString = 5531098C220D524B00C25454;
			remoteInfo = Pinterest3;
		};
		553109AD220D524C00C25454 /* PBXContainerItemProxy */ = {
			isa = PBXContainerItemProxy;
			containerPortal = 55310985220D524B00C25454 /* Project object */;
			proxyType = 1;
			remoteGlobalIDString = 5531098C220D524B00C25454;
			remoteInfo = Pinterest3;
		};
/* End PBXContainerItemProxy section */

/* Begin PBXFileReference section */
		0410029D26574E7BA032F357 /* Pods-Pinterest3Tests.debug.xcconfig */ = {isa = PBXFileReference; includeInIndex = 1; lastKnownFileType = text.xcconfig; name = "Pods-Pinterest3Tests.debug.xcconfig"; path = "Target Support Files/Pods-Pinterest3Tests/Pods-Pinterest3Tests.debug.xcconfig"; sourceTree = "<group>"; };
		12D14F6273E2409C69F2F273 /* Pods_Pinterest3Tests.framework */ = {isa = PBXFileReference; explicitFileType = wrapper.framework; includeInIndex = 0; path = Pods_Pinterest3Tests.framework; sourceTree = BUILT_PRODUCTS_DIR; };
		1BBE8DCC7E65E520AF674E3F /* Pods-Pinterest3UITests.release.xcconfig */ = {isa = PBXFileReference; includeInIndex = 1; lastKnownFileType = text.xcconfig; name = "Pods-Pinterest3UITests.release.xcconfig"; path = "Target Support Files/Pods-Pinterest3UITests/Pods-Pinterest3UITests.release.xcconfig"; sourceTree = "<group>"; };
		2A1E194B6B744E024F980B28 /* Pods-Pinterest3.release.xcconfig */ = {isa = PBXFileReference; includeInIndex = 1; lastKnownFileType = text.xcconfig; name = "Pods-Pinterest3.release.xcconfig"; path = "Target Support Files/Pods-Pinterest3/Pods-Pinterest3.release.xcconfig"; sourceTree = "<group>"; };
		45C1C81F5C71564AF7175854 /* Pods-Pinterest3.debug.xcconfig */ = {isa = PBXFileReference; includeInIndex = 1; lastKnownFileType = text.xcconfig; name = "Pods-Pinterest3.debug.xcconfig"; path = "Target Support Files/Pods-Pinterest3/Pods-Pinterest3.debug.xcconfig"; sourceTree = "<group>"; };
		5518BF272213D395001DF830 /* GoogleService-Info.plist */ = {isa = PBXFileReference; fileEncoding = 4; lastKnownFileType = text.plist.xml; name = "GoogleService-Info.plist"; path = "../../../../Downloads/GoogleService-Info.plist"; sourceTree = "<group>"; };
		5531098D220D524B00C25454 /* Pinterest3.app */ = {isa = PBXFileReference; explicitFileType = wrapper.application; includeInIndex = 0; path = Pinterest3.app; sourceTree = BUILT_PRODUCTS_DIR; };
		55310990220D524B00C25454 /* AppDelegate.swift */ = {isa = PBXFileReference; lastKnownFileType = sourcecode.swift; path = AppDelegate.swift; sourceTree = "<group>"; };
		55310992220D524B00C25454 /* ViewController.swift */ = {isa = PBXFileReference; lastKnownFileType = sourcecode.swift; path = ViewController.swift; sourceTree = "<group>"; };
		55310995220D524B00C25454 /* Base */ = {isa = PBXFileReference; lastKnownFileType = file.storyboard; name = Base; path = Base.lproj/Main.storyboard; sourceTree = "<group>"; };
		55310997220D524C00C25454 /* Assets.xcassets */ = {isa = PBXFileReference; lastKnownFileType = folder.assetcatalog; path = Assets.xcassets; sourceTree = "<group>"; };
		5531099A220D524C00C25454 /* Base */ = {isa = PBXFileReference; lastKnownFileType = file.storyboard; name = Base; path = Base.lproj/LaunchScreen.storyboard; sourceTree = "<group>"; };
		5531099C220D524C00C25454 /* Info.plist */ = {isa = PBXFileReference; lastKnownFileType = text.plist.xml; path = Info.plist; sourceTree = "<group>"; };
		553109A1220D524C00C25454 /* Pinterest3Tests.xctest */ = {isa = PBXFileReference; explicitFileType = wrapper.cfbundle; includeInIndex = 0; path = Pinterest3Tests.xctest; sourceTree = BUILT_PRODUCTS_DIR; };
		553109A5220D524C00C25454 /* Pinterest3Tests.swift */ = {isa = PBXFileReference; lastKnownFileType = sourcecode.swift; path = Pinterest3Tests.swift; sourceTree = "<group>"; };
		553109A7220D524C00C25454 /* Info.plist */ = {isa = PBXFileReference; lastKnownFileType = text.plist.xml; path = Info.plist; sourceTree = "<group>"; };
		553109AC220D524C00C25454 /* Pinterest3UITests.xctest */ = {isa = PBXFileReference; explicitFileType = wrapper.cfbundle; includeInIndex = 0; path = Pinterest3UITests.xctest; sourceTree = BUILT_PRODUCTS_DIR; };
		553109B0220D524C00C25454 /* Pinterest3UITests.swift */ = {isa = PBXFileReference; lastKnownFileType = sourcecode.swift; path = Pinterest3UITests.swift; sourceTree = "<group>"; };
		553109B2220D524C00C25454 /* Info.plist */ = {isa = PBXFileReference; lastKnownFileType = text.plist.xml; path = Info.plist; sourceTree = "<group>"; };
		556879CE222FB64100C62E8B /* ViewCEmail.swift */ = {isa = PBXFileReference; lastKnownFileType = sourcecode.swift; path = ViewCEmail.swift; sourceTree = "<group>"; };
		5B801505586176CA409FFC33 /* Pods_Pinterest3UITests.framework */ = {isa = PBXFileReference; explicitFileType = wrapper.framework; includeInIndex = 0; path = Pods_Pinterest3UITests.framework; sourceTree = BUILT_PRODUCTS_DIR; };
		72EE45A08BC28760F82CC1C0 /* Pods-Pinterest3UITests.debug.xcconfig */ = {isa = PBXFileReference; includeInIndex = 1; lastKnownFileType = text.xcconfig; name = "Pods-Pinterest3UITests.debug.xcconfig"; path = "Target Support Files/Pods-Pinterest3UITests/Pods-Pinterest3UITests.debug.xcconfig"; sourceTree = "<group>"; };
		A0D52ABB5485B2CEE0521F16 /* Pods_Pinterest3.framework */ = {isa = PBXFileReference; explicitFileType = wrapper.framework; includeInIndex = 0; path = Pods_Pinterest3.framework; sourceTree = BUILT_PRODUCTS_DIR; };
		D0035DBFCCE929466BB04406 /* Pods-Pinterest3Tests.release.xcconfig */ = {isa = PBXFileReference; includeInIndex = 1; lastKnownFileType = text.xcconfig; name = "Pods-Pinterest3Tests.release.xcconfig"; path = "Target Support Files/Pods-Pinterest3Tests/Pods-Pinterest3Tests.release.xcconfig"; sourceTree = "<group>"; };
/* End PBXFileReference section */

/* Begin PBXFrameworksBuildPhase section */
		5531098A220D524B00C25454 /* Frameworks */ = {
			isa = PBXFrameworksBuildPhase;
			buildActionMask = 2147483647;
			files = (
				7463C5B526B808F6626E76AA /* Pods_Pinterest3.framework in Frameworks */,
			);
			runOnlyForDeploymentPostprocessing = 0;
		};
		5531099E220D524C00C25454 /* Frameworks */ = {
			isa = PBXFrameworksBuildPhase;
			buildActionMask = 2147483647;
			files = (
				8C721E156697B3BB63A2192C /* Pods_Pinterest3Tests.framework in Frameworks */,
			);
			runOnlyForDeploymentPostprocessing = 0;
		};
		553109A9220D524C00C25454 /* Frameworks */ = {
			isa = PBXFrameworksBuildPhase;
			buildActionMask = 2147483647;
			files = (
				420F1C770364437F445E21DC /* Pods_Pinterest3UITests.framework in Frameworks */,
			);
			runOnlyForDeploymentPostprocessing = 0;
		};
/* End PBXFrameworksBuildPhase section */

/* Begin PBXGroup section */
		0E10B7590A1FE041C5290F0B /* Pods */ = {
			isa = PBXGroup;
			children = (
				45C1C81F5C71564AF7175854 /* Pods-Pinterest3.debug.xcconfig */,
				2A1E194B6B744E024F980B28 /* Pods-Pinterest3.release.xcconfig */,
				0410029D26574E7BA032F357 /* Pods-Pinterest3Tests.debug.xcconfig */,
				D0035DBFCCE929466BB04406 /* Pods-Pinterest3Tests.release.xcconfig */,
				72EE45A08BC28760F82CC1C0 /* Pods-Pinterest3UITests.debug.xcconfig */,
				1BBE8DCC7E65E520AF674E3F /* Pods-Pinterest3UITests.release.xcconfig */,
			);
			path = Pods;
			sourceTree = "<group>";
		};
		55310984220D524B00C25454 = {
			isa = PBXGroup;
			children = (
				5531098F220D524B00C25454 /* Pinterest3 */,
				553109A4220D524C00C25454 /* Pinterest3Tests */,
				553109AF220D524C00C25454 /* Pinterest3UITests */,
				5531098E220D524B00C25454 /* Products */,
				0E10B7590A1FE041C5290F0B /* Pods */,
				81239A6F9F2F72A74C7EA5E1 /* Frameworks */,
			);
			sourceTree = "<group>";
		};
		5531098E220D524B00C25454 /* Products */ = {
			isa = PBXGroup;
			children = (
				5531098D220D524B00C25454 /* Pinterest3.app */,
				553109A1220D524C00C25454 /* Pinterest3Tests.xctest */,
				553109AC220D524C00C25454 /* Pinterest3UITests.xctest */,
			);
			name = Products;
			sourceTree = "<group>";
		};
		5531098F220D524B00C25454 /* Pinterest3 */ = {
			isa = PBXGroup;
			children = (
				55310990220D524B00C25454 /* AppDelegate.swift */,
				55310992220D524B00C25454 /* ViewController.swift */,
				556879CE222FB64100C62E8B /* ViewCEmail.swift */,
				55310994220D524B00C25454 /* Main.storyboard */,
				55310997220D524C00C25454 /* Assets.xcassets */,
				55310999220D524C00C25454 /* LaunchScreen.storyboard */,
				5531099C220D524C00C25454 /* Info.plist */,
				5518BF272213D395001DF830 /* GoogleService-Info.plist */,
			);
			path = Pinterest3;
			sourceTree = "<group>";
		};
		553109A4220D524C00C25454 /* Pinterest3Tests */ = {
			isa = PBXGroup;
			children = (
				553109A5220D524C00C25454 /* Pinterest3Tests.swift */,
				553109A7220D524C00C25454 /* Info.plist */,
			);
			path = Pinterest3Tests;
			sourceTree = "<group>";
		};
		553109AF220D524C00C25454 /* Pinterest3UITests */ = {
			isa = PBXGroup;
			children = (
				553109B0220D524C00C25454 /* Pinterest3UITests.swift */,
				553109B2220D524C00C25454 /* Info.plist */,
			);
			path = Pinterest3UITests;
			sourceTree = "<group>";
		};
		81239A6F9F2F72A74C7EA5E1 /* Frameworks */ = {
			isa = PBXGroup;
			children = (
				A0D52ABB5485B2CEE0521F16 /* Pods_Pinterest3.framework */,
				12D14F6273E2409C69F2F273 /* Pods_Pinterest3Tests.framework */,
				5B801505586176CA409FFC33 /* Pods_Pinterest3UITests.framework */,
			);
			name = Frameworks;
			sourceTree = "<group>";
		};
/* End PBXGroup section */

/* Begin PBXNativeTarget section */
		5531098C220D524B00C25454 /* Pinterest3 */ = {
			isa = PBXNativeTarget;
			buildConfigurationList = 553109B5220D524C00C25454 /* Build configuration list for PBXNativeTarget "Pinterest3" */;
			buildPhases = (
				1AF0750EE6C1AE458F29B5F1 /* [CP] Check Pods Manifest.lock */,
				55310989220D524B00C25454 /* Sources */,
				5531098A220D524B00C25454 /* Frameworks */,
				5531098B220D524B00C25454 /* Resources */,
				7A8B161AAD455F4F4A77D46C /* [CP] Embed Pods Frameworks */,
			);
			buildRules = (
			);
			dependencies = (
			);
			name = Pinterest3;
			productName = Pinterest3;
			productReference = 5531098D220D524B00C25454 /* Pinterest3.app */;
			productType = "com.apple.product-type.application";
		};
		553109A0220D524C00C25454 /* Pinterest3Tests */ = {
			isa = PBXNativeTarget;
			buildConfigurationList = 553109B8220D524C00C25454 /* Build configuration list for PBXNativeTarget "Pinterest3Tests" */;
			buildPhases = (
				626B68F0AE3F16E47700D554 /* [CP] Check Pods Manifest.lock */,
				5531099D220D524C00C25454 /* Sources */,
				5531099E220D524C00C25454 /* Frameworks */,
				5531099F220D524C00C25454 /* Resources */,
			);
			buildRules = (
			);
			dependencies = (
				553109A3220D524C00C25454 /* PBXTargetDependency */,
			);
			name = Pinterest3Tests;
			productName = Pinterest3Tests;
			productReference = 553109A1220D524C00C25454 /* Pinterest3Tests.xctest */;
			productType = "com.apple.product-type.bundle.unit-test";
		};
		553109AB220D524C00C25454 /* Pinterest3UITests */ = {
			isa = PBXNativeTarget;
			buildConfigurationList = 553109BB220D524C00C25454 /* Build configuration list for PBXNativeTarget "Pinterest3UITests" */;
			buildPhases = (
				3F406F5D5FBD71F5CABF57B3 /* [CP] Check Pods Manifest.lock */,
				553109A8220D524C00C25454 /* Sources */,
				553109A9220D524C00C25454 /* Frameworks */,
				553109AA220D524C00C25454 /* Resources */,
			);
			buildRules = (
			);
			dependencies = (
				553109AE220D524C00C25454 /* PBXTargetDependency */,
			);
			name = Pinterest3UITests;
			productName = Pinterest3UITests;
			productReference = 553109AC220D524C00C25454 /* Pinterest3UITests.xctest */;
			productType = "com.apple.product-type.bundle.ui-testing";
		};
/* End PBXNativeTarget section */

/* Begin PBXProject section */
		55310985220D524B00C25454 /* Project object */ = {
			isa = PBXProject;
			attributes = {
				LastSwiftUpdateCheck = 1010;
				LastUpgradeCheck = 1010;
				ORGANIZATIONNAME = Oscar;
				TargetAttributes = {
					5531098C220D524B00C25454 = {
						CreatedOnToolsVersion = 10.1;
					};
					553109A0220D524C00C25454 = {
						CreatedOnToolsVersion = 10.1;
						TestTargetID = 5531098C220D524B00C25454;
					};
					553109AB220D524C00C25454 = {
						CreatedOnToolsVersion = 10.1;
						TestTargetID = 5531098C220D524B00C25454;
					};
				};
			};
			buildConfigurationList = 55310988220D524B00C25454 /* Build configuration list for PBXProject "Pinterest3" */;
			compatibilityVersion = "Xcode 9.3";
			developmentRegion = en;
			hasScannedForEncodings = 0;
			knownRegions = (
				en,
				Base,
			);
			mainGroup = 55310984220D524B00C25454;
			productRefGroup = 5531098E220D524B00C25454 /* Products */;
			projectDirPath = "";
			projectRoot = "";
			targets = (
				5531098C220D524B00C25454 /* Pinterest3 */,
				553109A0220D524C00C25454 /* Pinterest3Tests */,
				553109AB220D524C00C25454 /* Pinterest3UITests */,
			);
		};
/* End PBXProject section */

/* Begin PBXResourcesBuildPhase section */
		5531098B220D524B00C25454 /* Resources */ = {
			isa = PBXResourcesBuildPhase;
			buildActionMask = 2147483647;
			files = (
				5531099B220D524C00C25454 /* LaunchScreen.storyboard in Resources */,
				5518BF282213D395001DF830 /* GoogleService-Info.plist in Resources */,
				55310998220D524C00C25454 /* Assets.xcassets in Resources */,
				55310996220D524B00C25454 /* Main.storyboard in Resources */,
			);
			runOnlyForDeploymentPostprocessing = 0;
		};
		5531099F220D524C00C25454 /* Resources */ = {
			isa = PBXResourcesBuildPhase;
			buildActionMask = 2147483647;
			files = (
			);
			runOnlyForDeploymentPostprocessing = 0;
		};
		553109AA220D524C00C25454 /* Resources */ = {
			isa = PBXResourcesBuildPhase;
			buildActionMask = 2147483647;
			files = (
			);
			runOnlyForDeploymentPostprocessing = 0;
		};
/* End PBXResourcesBuildPhase section */

/* Begin PBXShellScriptBuildPhase section */
		1AF0750EE6C1AE458F29B5F1 /* [CP] Check Pods Manifest.lock */ = {
			isa = PBXShellScriptBuildPhase;
			buildActionMask = 2147483647;
			files = (
			);
			inputFileListPaths = (
			);
			inputPaths = (
				"${PODS_PODFILE_DIR_PATH}/Podfile.lock",
				"${PODS_ROOT}/Manifest.lock",
			);
			name = "[CP] Check Pods Manifest.lock";
			outputFileListPaths = (
			);
			outputPaths = (
				"$(DERIVED_FILE_DIR)/Pods-Pinterest3-checkManifestLockResult.txt",
			);
			runOnlyForDeploymentPostprocessing = 0;
			shellPath = /bin/sh;
			shellScript = "diff \"${PODS_PODFILE_DIR_PATH}/Podfile.lock\" \"${PODS_ROOT}/Manifest.lock\" > /dev/null\nif [ $? != 0 ] ; then\n    # print error to STDERR\n    echo \"error: The sandbox is not in sync with the Podfile.lock. Run 'pod install' or update your CocoaPods installation.\" >&2\n    exit 1\nfi\n# This output is used by Xcode 'outputs' to avoid re-running this script phase.\necho \"SUCCESS\" > \"${SCRIPT_OUTPUT_FILE_0}\"\n";
			showEnvVarsInLog = 0;
		};
		3F406F5D5FBD71F5CABF57B3 /* [CP] Check Pods Manifest.lock */ = {
			isa = PBXShellScriptBuildPhase;
			buildActionMask = 2147483647;
			files = (
			);
			inputFileListPaths = (
			);
			inputPaths = (
				"${PODS_PODFILE_DIR_PATH}/Podfile.lock",
				"${PODS_ROOT}/Manifest.lock",
			);
			name = "[CP] Check Pods Manifest.lock";
			outputFileListPaths = (
			);
			outputPaths = (
				"$(DERIVED_FILE_DIR)/Pods-Pinterest3UITests-checkManifestLockResult.txt",
			);
			runOnlyForDeploymentPostprocessing = 0;
			shellPath = /bin/sh;
			shellScript = "diff \"${PODS_PODFILE_DIR_PATH}/Podfile.lock\" \"${PODS_ROOT}/Manifest.lock\" > /dev/null\nif [ $? != 0 ] ; then\n    # print error to STDERR\n    echo \"error: The sandbox is not in sync with the Podfile.lock. Run 'pod install' or update your CocoaPods installation.\" >&2\n    exit 1\nfi\n# This output is used by Xcode 'outputs' to avoid re-running this script phase.\necho \"SUCCESS\" > \"${SCRIPT_OUTPUT_FILE_0}\"\n";
			showEnvVarsInLog = 0;
		};
		626B68F0AE3F16E47700D554 /* [CP] Check Pods Manifest.lock */ = {
			isa = PBXShellScriptBuildPhase;
			buildActionMask = 2147483647;
			files = (
			);
			inputFileListPaths = (
			);
			inputPaths = (
				"${PODS_PODFILE_DIR_PATH}/Podfile.lock",
				"${PODS_ROOT}/Manifest.lock",
			);
			name = "[CP] Check Pods Manifest.lock";
			outputFileListPaths = (
			);
			outputPaths = (
				"$(DERIVED_FILE_DIR)/Pods-Pinterest3Tests-checkManifestLockResult.txt",
			);
			runOnlyForDeploymentPostprocessing = 0;
			shellPath = /bin/sh;
			shellScript = "diff \"${PODS_PODFILE_DIR_PATH}/Podfile.lock\" \"${PODS_ROOT}/Manifest.lock\" > /dev/null\nif [ $? != 0 ] ; then\n    # print error to STDERR\n    echo \"error: The sandbox is not in sync with the Podfile.lock. Run 'pod install' or update your CocoaPods installation.\" >&2\n    exit 1\nfi\n# This output is used by Xcode 'outputs' to avoid re-running this script phase.\necho \"SUCCESS\" > \"${SCRIPT_OUTPUT_FILE_0}\"\n";
			showEnvVarsInLog = 0;
		};
		7A8B161AAD455F4F4A77D46C /* [CP] Embed Pods Frameworks */ = {
			isa = PBXShellScriptBuildPhase;
			buildActionMask = 2147483647;
			files = (
			);
			inputFileListPaths = (
			);
			inputPaths = (
				"${PODS_ROOT}/Target Support Files/Pods-Pinterest3/Pods-Pinterest3-frameworks.sh",
				"${BUILT_PRODUCTS_DIR}/GTMSessionFetcher/GTMSessionFetcher.framework",
				"${BUILT_PRODUCTS_DIR}/GoogleUtilities/GoogleUtilities.framework",
				"${BUILT_PRODUCTS_DIR}/leveldb-library/leveldb.framework",
				"${BUILT_PRODUCTS_DIR}/nanopb/nanopb.framework",
			);
			name = "[CP] Embed Pods Frameworks";
			outputFileListPaths = (
			);
			outputPaths = (
				"${TARGET_BUILD_DIR}/${FRAMEWORKS_FOLDER_PATH}/GTMSessionFetcher.framework",
				"${TARGET_BUILD_DIR}/${FRAMEWORKS_FOLDER_PATH}/GoogleUtilities.framework",
				"${TARGET_BUILD_DIR}/${FRAMEWORKS_FOLDER_PATH}/leveldb.framework",
				"${TARGET_BUILD_DIR}/${FRAMEWORKS_FOLDER_PATH}/nanopb.framework",
			);
			runOnlyForDeploymentPostprocessing = 0;
			shellPath = /bin/sh;
			shellScript = "\"${PODS_ROOT}/Target Support Files/Pods-Pinterest3/Pods-Pinterest3-frameworks.sh\"\n";
			showEnvVarsInLog = 0;
		};
/* End PBXShellScriptBuildPhase section */

/* Begin PBXSourcesBuildPhase section */
		55310989220D524B00C25454 /* Sources */ = {
			isa = PBXSourcesBuildPhase;
			buildActionMask = 2147483647;
			files = (
				55310993220D524B00C25454 /* ViewController.swift in Sources */,
				556879CF222FB64100C62E8B /* ViewCEmail.swift in Sources */,
				55310991220D524B00C25454 /* AppDelegate.swift in Sources */,
			);
			runOnlyForDeploymentPostprocessing = 0;
		};
		5531099D220D524C00C25454 /* Sources */ = {
			isa = PBXSourcesBuildPhase;
			buildActionMask = 2147483647;
			files = (
				553109A6220D524C00C25454 /* Pinterest3Tests.swift in Sources */,
			);
			runOnlyForDeploymentPostprocessing = 0;
		};
		553109A8220D524C00C25454 /* Sources */ = {
			isa = PBXSourcesBuildPhase;
			buildActionMask = 2147483647;
			files = (
				553109B1220D524C00C25454 /* Pinterest3UITests.swift in Sources */,
			);
			runOnlyForDeploymentPostprocessing = 0;
		};
/* End PBXSourcesBuildPhase section */

/* Begin PBXTargetDependency section */
		553109A3220D524C00C25454 /* PBXTargetDependency */ = {
			isa = PBXTargetDependency;
			target = 5531098C220D524B00C25454 /* Pinterest3 */;
			targetProxy = 553109A2220D524C00C25454 /* PBXContainerItemProxy */;
		};
		553109AE220D524C00C25454 /* PBXTargetDependency */ = {
			isa = PBXTargetDependency;
			target = 5531098C220D524B00C25454 /* Pinterest3 */;
			targetProxy = 553109AD220D524C00C25454 /* PBXContainerItemProxy */;
		};
/* End PBXTargetDependency section */

/* Begin PBXVariantGroup section */
		55310994220D524B00C25454 /* Main.storyboard */ = {
			isa = PBXVariantGroup;
			children = (
				55310995220D524B00C25454 /* Base */,
			);
			name = Main.storyboard;
			sourceTree = "<group>";
		};
		55310999220D524C00C25454 /* LaunchScreen.storyboard */ = {
			isa = PBXVariantGroup;
			children = (
				5531099A220D524C00C25454 /* Base */,
			);
			name = LaunchScreen.storyboard;
			sourceTree = "<group>";
		};
/* End PBXVariantGroup section */

/* Begin XCBuildConfiguration section */
		553109B3220D524C00C25454 /* Debug */ = {
			isa = XCBuildConfiguration;
			buildSettings = {
				ALWAYS_SEARCH_USER_PATHS = NO;
				CLANG_ANALYZER_NONNULL = YES;
				CLANG_ANALYZER_NUMBER_OBJECT_CONVERSION = YES_AGGRESSIVE;
				CLANG_CXX_LANGUAGE_STANDARD = "gnu++14";
				CLANG_CXX_LIBRARY = "libc++";
				CLANG_ENABLE_MODULES = YES;
				CLANG_ENABLE_OBJC_ARC = YES;
				CLANG_ENABLE_OBJC_WEAK = YES;
				CLANG_WARN_BLOCK_CAPTURE_AUTORELEASING = YES;
				CLANG_WARN_BOOL_CONVERSION = YES;
				CLANG_WARN_COMMA = YES;
				CLANG_WARN_CONSTANT_CONVERSION = YES;
				CLANG_WARN_DEPRECATED_OBJC_IMPLEMENTATIONS = YES;
				CLANG_WARN_DIRECT_OBJC_ISA_USAGE = YES_ERROR;
				CLANG_WARN_DOCUMENTATION_COMMENTS = YES;
				CLANG_WARN_EMPTY_BODY = YES;
				CLANG_WARN_ENUM_CONVERSION = YES;
				CLANG_WARN_INFINITE_RECURSION = YES;
				CLANG_WARN_INT_CONVERSION = YES;
				CLANG_WARN_NON_LITERAL_NULL_CONVERSION = YES;
				CLANG_WARN_OBJC_IMPLICIT_RETAIN_SELF = YES;
				CLANG_WARN_OBJC_LITERAL_CONVERSION = YES;
				CLANG_WARN_OBJC_ROOT_CLASS = YES_ERROR;
				CLANG_WARN_RANGE_LOOP_ANALYSIS = YES;
				CLANG_WARN_STRICT_PROTOTYPES = YES;
				CLANG_WARN_SUSPICIOUS_MOVE = YES;
				CLANG_WARN_UNGUARDED_AVAILABILITY = YES_AGGRESSIVE;
				CLANG_WARN_UNREACHABLE_CODE = YES;
				CLANG_WARN__DUPLICATE_METHOD_MATCH = YES;
				CODE_SIGN_IDENTITY = "iPhone Developer";
				COPY_PHASE_STRIP = NO;
				DEBUG_INFORMATION_FORMAT = dwarf;
				ENABLE_STRICT_OBJC_MSGSEND = YES;
				ENABLE_TESTABILITY = YES;
				GCC_C_LANGUAGE_STANDARD = gnu11;
				GCC_DYNAMIC_NO_PIC = NO;
				GCC_NO_COMMON_BLOCKS = YES;
				GCC_OPTIMIZATION_LEVEL = 0;
				GCC_PREPROCESSOR_DEFINITIONS = (
					"DEBUG=1",
					"$(inherited)",
				);
				GCC_WARN_64_TO_32_BIT_CONVERSION = YES;
				GCC_WARN_ABOUT_RETURN_TYPE = YES_ERROR;
				GCC_WARN_UNDECLARED_SELECTOR = YES;
				GCC_WARN_UNINITIALIZED_AUTOS = YES_AGGRESSIVE;
				GCC_WARN_UNUSED_FUNCTION = YES;
				GCC_WARN_UNUSED_VARIABLE = YES;
				IPHONEOS_DEPLOYMENT_TARGET = 12.1;
				MTL_ENABLE_DEBUG_INFO = INCLUDE_SOURCE;
				MTL_FAST_MATH = YES;
				ONLY_ACTIVE_ARCH = YES;
				SDKROOT = iphoneos;
				SWIFT_ACTIVE_COMPILATION_CONDITIONS = DEBUG;
				SWIFT_OPTIMIZATION_LEVEL = "-Onone";
			};
			name = Debug;
		};
		553109B4220D524C00C25454 /* Release */ = {
			isa = XCBuildConfiguration;
			buildSettings = {
				ALWAYS_SEARCH_USER_PATHS = NO;
				CLANG_ANALYZER_NONNULL = YES;
				CLANG_ANALYZER_NUMBER_OBJECT_CONVERSION = YES_AGGRESSIVE;
				CLANG_CXX_LANGUAGE_STANDARD = "gnu++14";
				CLANG_CXX_LIBRARY = "libc++";
				CLANG_ENABLE_MODULES = YES;
				CLANG_ENABLE_OBJC_ARC = YES;
				CLANG_ENABLE_OBJC_WEAK = YES;
				CLANG_WARN_BLOCK_CAPTURE_AUTORELEASING = YES;
				CLANG_WARN_BOOL_CONVERSION = YES;
				CLANG_WARN_COMMA = YES;
				CLANG_WARN_CONSTANT_CONVERSION = YES;
				CLANG_WARN_DEPRECATED_OBJC_IMPLEMENTATIONS = YES;
				CLANG_WARN_DIRECT_OBJC_ISA_USAGE = YES_ERROR;
				CLANG_WARN_DOCUMENTATION_COMMENTS = YES;
				CLANG_WARN_EMPTY_BODY = YES;
				CLANG_WARN_ENUM_CONVERSION = YES;
				CLANG_WARN_INFINITE_RECURSION = YES;
				CLANG_WARN_INT_CONVERSION = YES;
				CLANG_WARN_NON_LITERAL_NULL_CONVERSION = YES;
				CLANG_WARN_OBJC_IMPLICIT_RETAIN_SELF = YES;
				CLANG_WARN_OBJC_LITERAL_CONVERSION = YES;
				CLANG_WARN_OBJC_ROOT_CLASS = YES_ERROR;
				CLANG_WARN_RANGE_LOOP_ANALYSIS = YES;
				CLANG_WARN_STRICT_PROTOTYPES = YES;
				CLANG_WARN_SUSPICIOUS_MOVE = YES;
				CLANG_WARN_UNGUARDED_AVAILABILITY = YES_AGGRESSIVE;
				CLANG_WARN_UNREACHABLE_CODE = YES;
				CLANG_WARN__DUPLICATE_METHOD_MATCH = YES;
				CODE_SIGN_IDENTITY = "iPhone Developer";
				COPY_PHASE_STRIP = NO;
				DEBUG_INFORMATION_FORMAT = "dwarf-with-dsym";
				ENABLE_NS_ASSERTIONS = NO;
				ENABLE_STRICT_OBJC_MSGSEND = YES;
				GCC_C_LANGUAGE_STANDARD = gnu11;
				GCC_NO_COMMON_BLOCKS = YES;
				GCC_WARN_64_TO_32_BIT_CONVERSION = YES;
				GCC_WARN_ABOUT_RETURN_TYPE = YES_ERROR;
				GCC_WARN_UNDECLARED_SELECTOR = YES;
				GCC_WARN_UNINITIALIZED_AUTOS = YES_AGGRESSIVE;
				GCC_WARN_UNUSED_FUNCTION = YES;
				GCC_WARN_UNUSED_VARIABLE = YES;
				IPHONEOS_DEPLOYMENT_TARGET = 12.1;
				MTL_ENABLE_DEBUG_INFO = NO;
				MTL_FAST_MATH = YES;
				SDKROOT = iphoneos;
				SWIFT_COMPILATION_MODE = wholemodule;
				SWIFT_OPTIMIZATION_LEVEL = "-O";
				VALIDATE_PRODUCT = YES;
			};
			name = Release;
		};
		553109B6220D524C00C25454 /* Debug */ = {
			isa = XCBuildConfiguration;
			baseConfigurationReference = 45C1C81F5C71564AF7175854 /* Pods-Pinterest3.debug.xcconfig */;
			buildSettings = {
				ASSETCATALOG_COMPILER_APPICON_NAME = AppIcon;
				CODE_SIGN_STYLE = Automatic;
				INFOPLIST_FILE = Pinterest3/Info.plist;
				LD_RUNPATH_SEARCH_PATHS = (
					"$(inherited)",
					"@executable_path/Frameworks",
				);
				PRODUCT_BUNDLE_IDENTIFIER = tecmilenio.Pinterest3;
				PRODUCT_NAME = "$(TARGET_NAME)";
				SWIFT_VERSION = 4.2;
				TARGETED_DEVICE_FAMILY = "1,2";
			};
			name = Debug;
		};
		553109B7220D524C00C25454 /* Release */ = {
			isa = XCBuildConfiguration;
			baseConfigurationReference = 2A1E194B6B744E024F980B28 /* Pods-Pinterest3.release.xcconfig */;
			buildSettings = {
				ASSETCATALOG_COMPILER_APPICON_NAME = AppIcon;
				CODE_SIGN_STYLE = Automatic;
				INFOPLIST_FILE = Pinterest3/Info.plist;
				LD_RUNPATH_SEARCH_PATHS = (
					"$(inherited)",
					"@executable_path/Frameworks",
				);
				PRODUCT_BUNDLE_IDENTIFIER = tecmilenio.Pinterest3;
				PRODUCT_NAME = "$(TARGET_NAME)";
				SWIFT_VERSION = 4.2;
				TARGETED_DEVICE_FAMILY = "1,2";
			};
			name = Release;
		};
		553109B9220D524C00C25454 /* Debug */ = {
			isa = XCBuildConfiguration;
			baseConfigurationReference = 0410029D26574E7BA032F357 /* Pods-Pinterest3Tests.debug.xcconfig */;
			buildSettings = {
				ALWAYS_EMBED_SWIFT_STANDARD_LIBRARIES = YES;
				BUNDLE_LOADER = "$(TEST_HOST)";
				CODE_SIGN_STYLE = Automatic;
				INFOPLIST_FILE = Pinterest3Tests/Info.plist;
				LD_RUNPATH_SEARCH_PATHS = (
					"$(inherited)",
					"@executable_path/Frameworks",
					"@loader_path/Frameworks",
				);
				PRODUCT_BUNDLE_IDENTIFIER = tecmilenio.Pinterest3Tests;
				PRODUCT_NAME = "$(TARGET_NAME)";
				SWIFT_VERSION = 4.2;
				TARGETED_DEVICE_FAMILY = "1,2";
				TEST_HOST = "$(BUILT_PRODUCTS_DIR)/Pinterest3.app/Pinterest3";
			};
			name = Debug;
		};
		553109BA220D524C00C25454 /* Release */ = {
			isa = XCBuildConfiguration;
			baseConfigurationReference = D0035DBFCCE929466BB04406 /* Pods-Pinterest3Tests.release.xcconfig */;
			buildSettings = {
				ALWAYS_EMBED_SWIFT_STANDARD_LIBRARIES = YES;
				BUNDLE_LOADER = "$(TEST_HOST)";
				CODE_SIGN_STYLE = Automatic;
				INFOPLIST_FILE = Pinterest3Tests/Info.plist;
				LD_RUNPATH_SEARCH_PATHS = (
					"$(inherited)",
					"@executable_path/Frameworks",
					"@loader_path/Frameworks",
				);
				PRODUCT_BUNDLE_IDENTIFIER = tecmilenio.Pinterest3Tests;
				PRODUCT_NAME = "$(TARGET_NAME)";
				SWIFT_VERSION = 4.2;
				TARGETED_DEVICE_FAMILY = "1,2";
				TEST_HOST = "$(BUILT_PRODUCTS_DIR)/Pinterest3.app/Pinterest3";
			};
			name = Release;
		};
		553109BC220D524C00C25454 /* Debug */ = {
			isa = XCBuildConfiguration;
			baseConfigurationReference = 72EE45A08BC28760F82CC1C0 /* Pods-Pinterest3UITests.debug.xcconfig */;
			buildSettings = {
				ALWAYS_EMBED_SWIFT_STANDARD_LIBRARIES = YES;
				CODE_SIGN_STYLE = Automatic;
				INFOPLIST_FILE = Pinterest3UITests/Info.plist;
				LD_RUNPATH_SEARCH_PATHS = (
					"$(inherited)",
					"@executable_path/Frameworks",
					"@loader_path/Frameworks",
				);
				PRODUCT_BUNDLE_IDENTIFIER = tecmilenio.Pinterest3UITests;
				PRODUCT_NAME = "$(TARGET_NAME)";
				SWIFT_VERSION = 4.2;
				TARGETED_DEVICE_FAMILY = "1,2";
				TEST_TARGET_NAME = Pinterest3;
			};
			name = Debug;
		};
		553109BD220D524C00C25454 /* Release */ = {
			isa = XCBuildConfiguration;
			baseConfigurationReference = 1BBE8DCC7E65E520AF674E3F /* Pods-Pinterest3UITests.release.xcconfig */;
			buildSettings = {
				ALWAYS_EMBED_SWIFT_STANDARD_LIBRARIES = YES;
				CODE_SIGN_STYLE = Automatic;
				INFOPLIST_FILE = Pinterest3UITests/Info.plist;
				LD_RUNPATH_SEARCH_PATHS = (
					"$(inherited)",
					"@executable_path/Frameworks",
					"@loader_path/Frameworks",
				);
				PRODUCT_BUNDLE_IDENTIFIER = tecmilenio.Pinterest3UITests;
				PRODUCT_NAME = "$(TARGET_NAME)";
				SWIFT_VERSION = 4.2;
				TARGETED_DEVICE_FAMILY = "1,2";
				TEST_TARGET_NAME = Pinterest3;
			};
			name = Release;
		};
/* End XCBuildConfiguration section */

/* Begin XCConfigurationList section */
		55310988220D524B00C25454 /* Build configuration list for PBXProject "Pinterest3" */ = {
			isa = XCConfigurationList;
			buildConfigurations = (
				553109B3220D524C00C25454 /* Debug */,
				553109B4220D524C00C25454 /* Release */,
			);
			defaultConfigurationIsVisible = 0;
			defaultConfigurationName = Release;
		};
		553109B5220D524C00C25454 /* Build configuration list for PBXNativeTarget "Pinterest3" */ = {
			isa = XCConfigurationList;
			buildConfigurations = (
				553109B6220D524C00C25454 /* Debug */,
				553109B7220D524C00C25454 /* Release */,
			);
			defaultConfigurationIsVisible = 0;
			defaultConfigurationName = Release;
		};
		553109B8220D524C00C25454 /* Build configuration list for PBXNativeTarget "Pinterest3Tests" */ = {
			isa = XCConfigurationList;
			buildConfigurations = (
				553109B9220D524C00C25454 /* Debug */,
				553109BA220D524C00C25454 /* Release */,
			);
			defaultConfigurationIsVisible = 0;
			defaultConfigurationName = Release;
		};
		553109BB220D524C00C25454 /* Build configuration list for PBXNativeTarget "Pinterest3UITests" */ = {
			isa = XCConfigurationList;
			buildConfigurations = (
				553109BC220D524C00C25454 /* Debug */,
				553109BD220D524C00C25454 /* Release */,
			);
			defaultConfigurationIsVisible = 0;
			defaultConfigurationName = Release;
		};
/* End XCConfigurationList section */
	};
	rootObject = 55310985220D524B00C25454 /* Project object */;
}
